
Microsoft Visual Studio Solution File, Format Version 12.00
# Visual Studio 15
VisualStudioVersion = 15.0.27703.2000
MinimumVisualStudioVersion = 10.0.40219.1
Project("{2150E333-8FDC-42A3-9474-1A3956D46DE8}") = "1 - Presentation", "1 - Presentation", "{061490AB-9000-4560-A6B9-BBAFC8DFE36F}"
EndProject
Project("{2150E333-8FDC-42A3-9474-1A3956D46DE8}") = "2 - Domain", "2 - Domain", "{D2AD9698-CD4D-4BED-9153-7D1D6B1B964A}"
EndProject
Project("{2150E333-8FDC-42A3-9474-1A3956D46DE8}") = "2.1 - Shared", "2.1 - Shared", "{E296227C-4946-4991-872F-53A6213B971C}"
EndProject
Project("{2150E333-8FDC-42A3-9474-1A3956D46DE8}") = "2.2 - Identity", "2.2 - Identity", "{24B813B6-ADC0-4C77-8F1A-72A330C56336}"
EndProject
Project("{2150E333-8FDC-42A3-9474-1A3956D46DE8}") = "1.1 - CrossPlatform", "1.1 - CrossPlatform", "{E21A3411-D873-4FAB-9EBE-F18FCBC5C18E}"
EndProject
Project("{2150E333-8FDC-42A3-9474-1A3956D46DE8}") = "1.2 - Web", "1.2 - Web", "{F126372D-1737-484C-B901-A8D7BBD7F264}"
EndProject
Project("{2150E333-8FDC-42A3-9474-1A3956D46DE8}") = "2.4 - Domain", "2.4 - Domain", "{A0124B1F-BDAF-4CB3-86F7-EC1DA1B7A32E}"
EndProject
Project("{2150E333-8FDC-42A3-9474-1A3956D46DE8}") = "2.3 - Application", "2.3 - Application", "{BD99270F-7A74-4A80-8CEE-05F3F38321B2}"
EndProject
Project("{2150E333-8FDC-42A3-9474-1A3956D46DE8}") = "2.5 - Infra", "2.5 - Infra", "{37706EE1-7D04-4615-8C58-01981F90D063}"
EndProject
Project("{2150E333-8FDC-42A3-9474-1A3956D46DE8}") = "Data", "Data", "{31C78AD9-EFD7-4FBB-843F-59E8228586D2}"
EndProject
Project("{2150E333-8FDC-42A3-9474-1A3956D46DE8}") = "IoC", "IoC", "{6BCB6E20-E3FF-4D0B-B671-B3200502812D}"
EndProject
Project("{9A19103F-16F7-4668-BE54-9A1E7A4F7556}") = "GameHub.Shared.Kernel.Core", "src\2_Domain\2.1_Shared\GameHub.Shared.Kernel.Core\GameHub.Shared.Kernel.Core.csproj", "{287AE8FE-979B-4A6B-A8CB-F4903D66AD47}"
EndProject
Project("{9A19103F-16F7-4668-BE54-9A1E7A4F7556}") = "GameHub.Domain.Core", "src\2_Domain\2.3_Layers\GameHub.Domain.Core\GameHub.Domain.Core.csproj", "{DB526594-00B6-458A-9427-6F291717FED8}"
EndProject
Project("{9A19103F-16F7-4668-BE54-9A1E7A4F7556}") = "GameHub.Application", "src\2_Domain\2.3_Layers\GameHub.Application\GameHub.Application.csproj", "{47C97EDD-1354-4FD6-A720-D850E92D16E2}"
EndProject
Project("{9A19103F-16F7-4668-BE54-9A1E7A4F7556}") = "GameHube.UI.Web.Site", "src\1_Presentation\1.2_Web\GameHube.UI.Web.Site\GameHube.UI.Web.Site.csproj", "{0CB564EA-4D2E-4DDF-8D7B-418CA8CC3930}"
EndProject
Project("{9A19103F-16F7-4668-BE54-9A1E7A4F7556}") = "GameHub.Infra.Server.Data", "src\2_Domain\2.3_Layers\GameHub.Infra.Server.Data\GameHub.Infra.Server.Data.csproj", "{ABFB48E6-289E-4EBA-BD74-676BD20315FF}"
EndProject
Project("{9A19103F-16F7-4668-BE54-9A1E7A4F7556}") = "GameHub.Infra.Server.IoC", "src\2_Domain\2.3_Layers\GameHub.Infra.Server.IoC\GameHub.Infra.Server.IoC.csproj", "{AE5B359D-A7F0-43E2-85B6-5F9734744A3F}"
EndProject
Project("{FAE04EC0-301F-11D3-BF4B-00C04F79EFBC}") = "GameHub.Identity.Domain", "src\2_Domain\2.2_Identity\GameHub.Identity.Domain\GameHub.Identity.Domain.csproj", "{F0B79EE3-8DFA-4D0C-994F-63B1D48CA8B5}"
EndProject
Global
	GlobalSection(SolutionConfigurationPlatforms) = preSolution
		Debug|Any CPU = Debug|Any CPU
		Release|Any CPU = Release|Any CPU
	EndGlobalSection
	GlobalSection(ProjectConfigurationPlatforms) = postSolution
		{287AE8FE-979B-4A6B-A8CB-F4903D66AD47}.Debug|Any CPU.ActiveCfg = Debug|Any CPU
		{287AE8FE-979B-4A6B-A8CB-F4903D66AD47}.Debug|Any CPU.Build.0 = Debug|Any CPU
		{287AE8FE-979B-4A6B-A8CB-F4903D66AD47}.Release|Any CPU.ActiveCfg = Release|Any CPU
		{287AE8FE-979B-4A6B-A8CB-F4903D66AD47}.Release|Any CPU.Build.0 = Release|Any CPU
		{DB526594-00B6-458A-9427-6F291717FED8}.Debug|Any CPU.ActiveCfg = Debug|Any CPU
		{DB526594-00B6-458A-9427-6F291717FED8}.Debug|Any CPU.Build.0 = Debug|Any CPU
		{DB526594-00B6-458A-9427-6F291717FED8}.Release|Any CPU.ActiveCfg = Release|Any CPU
		{DB526594-00B6-458A-9427-6F291717FED8}.Release|Any CPU.Build.0 = Release|Any CPU
		{47C97EDD-1354-4FD6-A720-D850E92D16E2}.Debug|Any CPU.ActiveCfg = Debug|Any CPU
		{47C97EDD-1354-4FD6-A720-D850E92D16E2}.Debug|Any CPU.Build.0 = Debug|Any CPU
		{47C97EDD-1354-4FD6-A720-D850E92D16E2}.Release|Any CPU.ActiveCfg = Release|Any CPU
		{47C97EDD-1354-4FD6-A720-D850E92D16E2}.Release|Any CPU.Build.0 = Release|Any CPU
		{0CB564EA-4D2E-4DDF-8D7B-418CA8CC3930}.Debug|Any CPU.ActiveCfg = Debug|Any CPU
		{0CB564EA-4D2E-4DDF-8D7B-418CA8CC3930}.Debug|Any CPU.Build.0 = Debug|Any CPU
		{0CB564EA-4D2E-4DDF-8D7B-418CA8CC3930}.Release|Any CPU.ActiveCfg = Release|Any CPU
		{0CB564EA-4D2E-4DDF-8D7B-418CA8CC3930}.Release|Any CPU.Build.0 = Release|Any CPU
		{ABFB48E6-289E-4EBA-BD74-676BD20315FF}.Debug|Any CPU.ActiveCfg = Debug|Any CPU
		{ABFB48E6-289E-4EBA-BD74-676BD20315FF}.Debug|Any CPU.Build.0 = Debug|Any CPU
		{ABFB48E6-289E-4EBA-BD74-676BD20315FF}.Release|Any CPU.ActiveCfg = Release|Any CPU
		{ABFB48E6-289E-4EBA-BD74-676BD20315FF}.Release|Any CPU.Build.0 = Release|Any CPU
		{AE5B359D-A7F0-43E2-85B6-5F9734744A3F}.Debug|Any CPU.ActiveCfg = Debug|Any CPU
		{AE5B359D-A7F0-43E2-85B6-5F9734744A3F}.Debug|Any CPU.Build.0 = Debug|Any CPU
		{AE5B359D-A7F0-43E2-85B6-5F9734744A3F}.Release|Any CPU.ActiveCfg = Release|Any CPU
		{AE5B359D-A7F0-43E2-85B6-5F9734744A3F}.Release|Any CPU.Build.0 = Release|Any CPU
		{F0B79EE3-8DFA-4D0C-994F-63B1D48CA8B5}.Debug|Any CPU.ActiveCfg = Debug|Any CPU
		{F0B79EE3-8DFA-4D0C-994F-63B1D48CA8B5}.Debug|Any CPU.Build.0 = Debug|Any CPU
		{F0B79EE3-8DFA-4D0C-994F-63B1D48CA8B5}.Release|Any CPU.ActiveCfg = Release|Any CPU
		{F0B79EE3-8DFA-4D0C-994F-63B1D48CA8B5}.Release|Any CPU.Build.0 = Release|Any CPU
	EndGlobalSection
	GlobalSection(SolutionProperties) = preSolution
		HideSolutionNode = FALSE
	EndGlobalSection
	GlobalSection(NestedProjects) = preSolution
		{E296227C-4946-4991-872F-53A6213B971C} = {D2AD9698-CD4D-4BED-9153-7D1D6B1B964A}
		{24B813B6-ADC0-4C77-8F1A-72A330C56336} = {D2AD9698-CD4D-4BED-9153-7D1D6B1B964A}
		{E21A3411-D873-4FAB-9EBE-F18FCBC5C18E} = {061490AB-9000-4560-A6B9-BBAFC8DFE36F}
		{F126372D-1737-484C-B901-A8D7BBD7F264} = {061490AB-9000-4560-A6B9-BBAFC8DFE36F}
		{A0124B1F-BDAF-4CB3-86F7-EC1DA1B7A32E} = {D2AD9698-CD4D-4BED-9153-7D1D6B1B964A}
		{BD99270F-7A74-4A80-8CEE-05F3F38321B2} = {D2AD9698-CD4D-4BED-9153-7D1D6B1B964A}
		{37706EE1-7D04-4615-8C58-01981F90D063} = {D2AD9698-CD4D-4BED-9153-7D1D6B1B964A}
		{31C78AD9-EFD7-4FBB-843F-59E8228586D2} = {37706EE1-7D04-4615-8C58-01981F90D063}
		{6BCB6E20-E3FF-4D0B-B671-B3200502812D} = {37706EE1-7D04-4615-8C58-01981F90D063}
		{287AE8FE-979B-4A6B-A8CB-F4903D66AD47} = {E296227C-4946-4991-872F-53A6213B971C}
		{DB526594-00B6-458A-9427-6F291717FED8} = {A0124B1F-BDAF-4CB3-86F7-EC1DA1B7A32E}
		{47C97EDD-1354-4FD6-A720-D850E92D16E2} = {BD99270F-7A74-4A80-8CEE-05F3F38321B2}
		{0CB564EA-4D2E-4DDF-8D7B-418CA8CC3930} = {F126372D-1737-484C-B901-A8D7BBD7F264}
		{ABFB48E6-289E-4EBA-BD74-676BD20315FF} = {31C78AD9-EFD7-4FBB-843F-59E8228586D2}
		{AE5B359D-A7F0-43E2-85B6-5F9734744A3F} = {6BCB6E20-E3FF-4D0B-B671-B3200502812D}
		{F0B79EE3-8DFA-4D0C-994F-63B1D48CA8B5} = {24B813B6-ADC0-4C77-8F1A-72A330C56336}
	EndGlobalSection
	GlobalSection(ExtensibilityGlobals) = postSolution
		SolutionGuid = {95201945-6ED5-48D2-AEEB-17A3E414827B}
	EndGlobalSection
EndGlobal
